
Microsoft Visual Studio Solution File, Format Version 12.00
# Visual Studio Version 17
VisualStudioVersion = 17.7.34018.315
MinimumVisualStudioVersion = 10.0.40219.1
Project("{FAE04EC0-301F-11D3-BF4B-00C04F79EFBC}") = "MPS_1", "MPS_1\MPS_1.csproj", "{6758939A-E873-426E-B602-52854741FE30}"
EndProject
Global
	GlobalSection(SolutionConfigurationPlatforms) = preSolution
		Debug|Any CPU = Debug|Any CPU
		Release|Any CPU = Release|Any CPU
	EndGlobalSection
	GlobalSection(ProjectConfigurationPlatforms) = postSolution
		{6758939A-E873-426E-B602-52854741FE30}.Debug|Any CPU.ActiveCfg = Debug|Any CPU
		{6758939A-E873-426E-B602-52854741FE30}.Debug|Any CPU.Build.0 = Debug|Any CPU
		{6758939A-E873-426E-B602-52854741FE30}.Release|Any CPU.ActiveCfg = Release|Any CPU
		{6758939A-E873-426E-B602-52854741FE30}.Release|Any CPU.Build.0 = Release|Any CPU
	EndGlobalSection
	GlobalSection(SolutionProperties) = preSolution
		HideSolutionNode = FALSE
	EndGlobalSection
	GlobalSection(ExtensibilityGlobals) = postSolution
		SolutionGuid = {B9DDA5FB-D0FE-4E8C-9F43-A5B94FBC6787}
	EndGlobalSection
EndGlobal
